
Microsoft Visual Studio Solution File, Format Version 12.00
# Visual Studio Version 16
VisualStudioVersion = 16.0.31105.61
MinimumVisualStudioVersion = 10.0.40219.1
Project("{FAE04EC0-301F-11D3-BF4B-00C04F79EFBC}") = "TestProjectVerifica", "TestProjectVerifica\TestProjectVerifica.csproj", "{270C0F33-ED6D-4BB3-8962-1E921300A85E}"
EndProject
Project("{FAE04EC0-301F-11D3-BF4B-00C04F79EFBC}") = "Gestione_Tariffa", "Gestione_Tariffa\Gestione_Tariffa.csproj", "{BAD7F58F-404C-4B15-B0F3-C9C52A34B8C6}"
EndProject
Project("{FAE04EC0-301F-11D3-BF4B-00C04F79EFBC}") = "WpfApplicazioneTariffa", "WpfApplicazioneTariffa\WpfApplicazioneTariffa.csproj", "{1B614EAA-09FC-40E3-8B0C-532BAD5416E8}"
EndProject
Global
	GlobalSection(SolutionConfigurationPlatforms) = preSolution
		Debug|Any CPU = Debug|Any CPU
		Release|Any CPU = Release|Any CPU
	EndGlobalSection
	GlobalSection(ProjectConfigurationPlatforms) = postSolution
		{270C0F33-ED6D-4BB3-8962-1E921300A85E}.Debug|Any CPU.ActiveCfg = Debug|Any CPU
		{270C0F33-ED6D-4BB3-8962-1E921300A85E}.Debug|Any CPU.Build.0 = Debug|Any CPU
		{270C0F33-ED6D-4BB3-8962-1E921300A85E}.Release|Any CPU.ActiveCfg = Release|Any CPU
		{270C0F33-ED6D-4BB3-8962-1E921300A85E}.Release|Any CPU.Build.0 = Release|Any CPU
		{BAD7F58F-404C-4B15-B0F3-C9C52A34B8C6}.Debug|Any CPU.ActiveCfg = Debug|Any CPU
		{BAD7F58F-404C-4B15-B0F3-C9C52A34B8C6}.Debug|Any CPU.Build.0 = Debug|Any CPU
		{BAD7F58F-404C-4B15-B0F3-C9C52A34B8C6}.Release|Any CPU.ActiveCfg = Release|Any CPU
		{BAD7F58F-404C-4B15-B0F3-C9C52A34B8C6}.Release|Any CPU.Build.0 = Release|Any CPU
		{1B614EAA-09FC-40E3-8B0C-532BAD5416E8}.Debug|Any CPU.ActiveCfg = Debug|Any CPU
		{1B614EAA-09FC-40E3-8B0C-532BAD5416E8}.Debug|Any CPU.Build.0 = Debug|Any CPU
		{1B614EAA-09FC-40E3-8B0C-532BAD5416E8}.Release|Any CPU.ActiveCfg = Release|Any CPU
		{1B614EAA-09FC-40E3-8B0C-532BAD5416E8}.Release|Any CPU.Build.0 = Release|Any CPU
	EndGlobalSection
	GlobalSection(SolutionProperties) = preSolution
		HideSolutionNode = FALSE
	EndGlobalSection
	GlobalSection(ExtensibilityGlobals) = postSolution
		SolutionGuid = {CA8EB3A2-354A-4C5C-9E25-40754A959C0B}
	EndGlobalSection
EndGlobal
